
Microsoft Visual Studio Solution File, Format Version 12.00
# Visual Studio 15
VisualStudioVersion = 15.0.28307.329
MinimumVisualStudioVersion = 10.0.40219.1
Project("{8BC9CEB8-8B4A-11D0-8D11-00A0C91BC942}") = "Instance1-1", "DirectX12DBook\DirectX12DBook.vcxproj", "{A07F57CB-F267-48B0-85BF-6CA3402BAFB2}"
EndProject
Project("{8BC9CEB8-8B4A-11D0-8D11-00A0C91BC942}") = "Instance1-2", "Instance1-2\Instance1-2.vcxproj", "{A469AA2B-AF88-4A79-8E1F-46F197AFBB6B}"
EndProject
Global
	GlobalSection(SolutionConfigurationPlatforms) = preSolution
		Debug|x64 = Debug|x64
		Debug|x86 = Debug|x86
		Release|x64 = Release|x64
		Release|x86 = Release|x86
	EndGlobalSection
	GlobalSection(ProjectConfigurationPlatforms) = postSolution
		{A07F57CB-F267-48B0-85BF-6CA3402BAFB2}.Debug|x64.ActiveCfg = Debug|x64
		{A07F57CB-F267-48B0-85BF-6CA3402BAFB2}.Debug|x64.Build.0 = Debug|x64
		{A07F57CB-F267-48B0-85BF-6CA3402BAFB2}.Debug|x86.ActiveCfg = Debug|Win32
		{A07F57CB-F267-48B0-85BF-6CA3402BAFB2}.Debug|x86.Build.0 = Debug|Win32
		{A07F57CB-F267-48B0-85BF-6CA3402BAFB2}.Release|x64.ActiveCfg = Release|x64
		{A07F57CB-F267-48B0-85BF-6CA3402BAFB2}.Release|x64.Build.0 = Release|x64
		{A07F57CB-F267-48B0-85BF-6CA3402BAFB2}.Release|x86.ActiveCfg = Release|Win32
		{A07F57CB-F267-48B0-85BF-6CA3402BAFB2}.Release|x86.Build.0 = Release|Win32
		{A469AA2B-AF88-4A79-8E1F-46F197AFBB6B}.Debug|x64.ActiveCfg = Debug|x64
		{A469AA2B-AF88-4A79-8E1F-46F197AFBB6B}.Debug|x64.Build.0 = Debug|x64
		{A469AA2B-AF88-4A79-8E1F-46F197AFBB6B}.Debug|x86.ActiveCfg = Debug|Win32
		{A469AA2B-AF88-4A79-8E1F-46F197AFBB6B}.Debug|x86.Build.0 = Debug|Win32
		{A469AA2B-AF88-4A79-8E1F-46F197AFBB6B}.Release|x64.ActiveCfg = Release|x64
		{A469AA2B-AF88-4A79-8E1F-46F197AFBB6B}.Release|x64.Build.0 = Release|x64
		{A469AA2B-AF88-4A79-8E1F-46F197AFBB6B}.Release|x86.ActiveCfg = Release|Win32
		{A469AA2B-AF88-4A79-8E1F-46F197AFBB6B}.Release|x86.Build.0 = Release|Win32
	EndGlobalSection
	GlobalSection(SolutionProperties) = preSolution
		HideSolutionNode = FALSE
	EndGlobalSection
	GlobalSection(ExtensibilityGlobals) = postSolution
		SolutionGuid = {547BC7D8-59A7-4E93-8364-D37845813E94}
	EndGlobalSection
EndGlobal
